{
  "name": "aas-ts",
  "version": "1.0.0",
  "lockfileVersion": 2,
  "requires": true,
  "packages": {
    "": {
      "name": "aas-ts",
      "version": "1.0.0",
      "devDependencies": {
        "atlas-function-types": "file:../atlas-function-types"
      }
    },
    " ../atlas-function-types": {
      "extraneous": true
    },
    "../atlas-function-types": {
      "version": "1.0.0",
      "dev": true,
      "devDependencies": {
        "gh-pages": "^4.0.0"
      }
    },
    "node_modules/atlas-function-types": {
      "resolved": "../atlas-function-types",
      "link": true
    }
  },
  "dependencies": {
    "atlas-function-types": {
      "version": "file:../atlas-function-types",
      "requires": {
        "gh-pages": "^4.0.0"
      }
    }
  }
}
